
Microsoft Visual Studio Solution File, Format Version 12.00
# Visual Studio Version 17
VisualStudioVersion = 17.4.33213.308
MinimumVisualStudioVersion = 10.0.40219.1
Project("{FAE04EC0-301F-11D3-BF4B-00C04F79EFBC}") = "Two-dimensional array", "Two-dimensional array\Two-dimensional array.csproj", "{BBDCA407-6C3C-49AA-8687-B1F3932C621A}"
EndProject
Global
	GlobalSection(SolutionConfigurationPlatforms) = preSolution
		Debug|Any CPU = Debug|Any CPU
		Release|Any CPU = Release|Any CPU
	EndGlobalSection
	GlobalSection(ProjectConfigurationPlatforms) = postSolution
		{BBDCA407-6C3C-49AA-8687-B1F3932C621A}.Debug|Any CPU.ActiveCfg = Debug|Any CPU
		{BBDCA407-6C3C-49AA-8687-B1F3932C621A}.Debug|Any CPU.Build.0 = Debug|Any CPU
		{BBDCA407-6C3C-49AA-8687-B1F3932C621A}.Release|Any CPU.ActiveCfg = Release|Any CPU
		{BBDCA407-6C3C-49AA-8687-B1F3932C621A}.Release|Any CPU.Build.0 = Release|Any CPU
	EndGlobalSection
	GlobalSection(SolutionProperties) = preSolution
		HideSolutionNode = FALSE
	EndGlobalSection
	GlobalSection(ExtensibilityGlobals) = postSolution
		SolutionGuid = {AAD5D0D1-775F-4141-831E-F014BE6D7B8D}
	EndGlobalSection
EndGlobal
